
Microsoft Visual Studio Solution File, Format Version 12.00
# Visual Studio Version 17
VisualStudioVersion = 17.4.33103.184
MinimumVisualStudioVersion = 10.0.40219.1
Project("{FAE04EC0-301F-11D3-BF4B-00C04F79EFBC}") = "WpfGraphicsApp", "WpfGraphicsApp\WpfGraphicsApp.csproj", "{D57DC9B2-8ED4-49B2-B277-DCD8A40F71A9}"
EndProject
Global
	GlobalSection(SolutionConfigurationPlatforms) = preSolution
		Debug|Any CPU = Debug|Any CPU
		Release|Any CPU = Release|Any CPU
	EndGlobalSection
	GlobalSection(ProjectConfigurationPlatforms) = postSolution
		{D57DC9B2-8ED4-49B2-B277-DCD8A40F71A9}.Debug|Any CPU.ActiveCfg = Debug|Any CPU
		{D57DC9B2-8ED4-49B2-B277-DCD8A40F71A9}.Debug|Any CPU.Build.0 = Debug|Any CPU
		{D57DC9B2-8ED4-49B2-B277-DCD8A40F71A9}.Release|Any CPU.ActiveCfg = Release|Any CPU
		{D57DC9B2-8ED4-49B2-B277-DCD8A40F71A9}.Release|Any CPU.Build.0 = Release|Any CPU
	EndGlobalSection
	GlobalSection(SolutionProperties) = preSolution
		HideSolutionNode = FALSE
	EndGlobalSection
	GlobalSection(ExtensibilityGlobals) = postSolution
		SolutionGuid = {8AE479C6-D676-4DF5-B987-65A3071B1639}
	EndGlobalSection
EndGlobal
